{
  "name": "ialexopoulos-org",
  "version": "2.0.0",
  "lockfileVersion": 3,
  "requires": true,
  "packages": {
    "": {
      "name": "ialexopoulos-org",
      "version": "2.0.0",
      "devDependencies": {
        "@fontsource-variable/ibm-plex-sans": "^5.3.0",
        "@fontsource-variable/jetbrains-mono": "^5.3.0",
        "@fontsource-variable/source-serif-4": "^5.3.0",
        "playwright": "^1.49.0"
      },
      "engines": {
        "node": ">=20"
      }
    },
    "node_modules/@fontsource-variable/ibm-plex-sans": {
      "version": "5.3.0",
      "resolved": "https://registry.npmjs.org/@fontsource-variable/ibm-plex-sans/-/ibm-plex-sans-5.3.0.tgz",
      "integrity": "sha512-agG8tXFEo0hD9+J7npa4vbbWult52eMLVaQ6WQRlhs/iCAojrMAoejru85W9HTVXHfyUj96KM7gp/KGAS87XaQ==",
      "dev": true,
      "license": "OFL-1.1",
      "funding": {
        "url": "https://github.com/sponsors/ayuhito"
      }
    },
    "node_modules/@fontsource-variable/jetbrains-mono": {
      "version": "5.3.0",
      "resolved": "https://registry.npmjs.org/@fontsource-variable/jetbrains-mono/-/jetbrains-mono-5.3.0.tgz",
      "integrity": "sha512-F32xpS2NsGYoQi2ADSkKTgpJj7ozajsGgDJ8woTnqjmIB+dxDIqImjl4pXZVEExu8UFZ2ndhmX18EBS/hdz3Lw==",
      "dev": true,
      "license": "OFL-1.1",
      "funding": {
        "url": "https://github.com/sponsors/ayuhito"
      }
    },
    "node_modules/@fontsource-variable/source-serif-4": {
      "version": "5.3.0",
      "resolved": "https://registry.npmjs.org/@fontsource-variable/source-serif-4/-/source-serif-4-5.3.0.tgz",
      "integrity": "sha512-9vch9WqxjaaA+1o9Ur8pOgIGbCYLjRReOUel23A6lOpD1syptgjtkORevvNmldJ5kGXQL29onQUqI5Ltz0s3bQ==",
      "dev": true,
      "license": "OFL-1.1",
      "funding": {
        "url": "https://github.com/sponsors/ayuhito"
      }
    },
    "node_modules/playwright": {
      "version": "1.63.0",
      "resolved": "https://registry.npmjs.org/playwright/-/playwright-1.63.0.tgz",
      "integrity": "sha512-+7ziBLidS4NaNCdt57SUDT+wYmmd5fmiQejUic/kb+YsYSCPyOOE9sebzMjNmQrsnNpDJqd4WHvV/8lfKfUDUg==",
      "dev": true,
      "license": "Apache-2.0",
      "dependencies": {
        "playwright-core": "1.63.0"
      },
      "bin": {
        "playwright": "cli.js"
      },
      "engines": {
        "node": ">=20"
      }
    },
    "node_modules/playwright-core": {
      "version": "1.63.0",
      "resolved": "https://registry.npmjs.org/playwright-core/-/playwright-core-1.63.0.tgz",
      "integrity": "sha512-rYCsBF/M5HjUch52bbtVONEFjv6Xu8sm8h72dNlR5bzIE1fvC/bxgspzkjSfU+MweEMmPM8KJebG6nnyxo5mCg==",
      "dev": true,
      "license": "Apache-2.0",
      "bin": {
        "playwright-core": "cli.js"
      },
      "engines": {
        "node": ">=20"
      }
    }
  }
}
