{
  "name": "ialexopoulos-org",
  "version": "2.0.0",
  "lockfileVersion": 3,
  "requires": true,
  "packages": {
    "": {
      "name": "ialexopoulos-org",
      "version": "2.0.0",
      "devDependencies": {
        "@fontsource-variable/commissioner": "^5.2.6",
        "@fontsource-variable/karla": "^5.2.6",
        "@fontsource-variable/literata": "^5.2.6",
        "@fontsource/libre-baskerville": "^5.3.0",
        "playwright": "^1.49.0"
      },
      "engines": {
        "node": ">=20"
      }
    },
    "node_modules/@fontsource-variable/commissioner": {
      "version": "5.3.0",
      "resolved": "https://registry.npmjs.org/@fontsource-variable/commissioner/-/commissioner-5.3.0.tgz",
      "integrity": "sha512-0IEvi8SO1slc5Pc9tA4OtA01I8UiCcEq/uh12oNjfHuABU9Lnz61l2V8o2cMPUUo3BAo5MbISVK2I/DSpBRw7Q==",
      "dev": true,
      "license": "OFL-1.1",
      "funding": {
        "url": "https://github.com/sponsors/ayuhito"
      }
    },
    "node_modules/@fontsource-variable/karla": {
      "version": "5.3.0",
      "resolved": "https://registry.npmjs.org/@fontsource-variable/karla/-/karla-5.3.0.tgz",
      "integrity": "sha512-CypH/IGhvpU0I4sue6YG+ZDyx5heglFJAiU2NClTkKOh+jsqjZ7AAgWKGG59+X1dGCN/9L4BLLacCXD7TBBETA==",
      "dev": true,
      "license": "OFL-1.1",
      "funding": {
        "url": "https://github.com/sponsors/ayuhito"
      }
    },
    "node_modules/@fontsource-variable/literata": {
      "version": "5.3.0",
      "resolved": "https://registry.npmjs.org/@fontsource-variable/literata/-/literata-5.3.0.tgz",
      "integrity": "sha512-1Jw7xvOcoGyB83lxB2nG4bfNbqtX2/TTbdh9sHAOmU064SvmSdulDtA5RBu5JYWf64fdaKX7xU+z3GO1T2bCHA==",
      "dev": true,
      "license": "OFL-1.1",
      "funding": {
        "url": "https://github.com/sponsors/ayuhito"
      }
    },
    "node_modules/@fontsource/libre-baskerville": {
      "version": "5.3.0",
      "resolved": "https://registry.npmjs.org/@fontsource/libre-baskerville/-/libre-baskerville-5.3.0.tgz",
      "integrity": "sha512-IA6OLq36/JWMX70Fha15sri2qWsijFh7hgdDXCRZHjKUHtWarLQoiGilvm7iMqm7HiYFEv9acF3+IuRHO9kUiA==",
      "dev": true,
      "license": "OFL-1.1",
      "funding": {
        "url": "https://github.com/sponsors/ayuhito"
      }
    },
    "node_modules/playwright": {
      "version": "1.63.0",
      "resolved": "https://registry.npmjs.org/playwright/-/playwright-1.63.0.tgz",
      "integrity": "sha512-+7ziBLidS4NaNCdt57SUDT+wYmmd5fmiQejUic/kb+YsYSCPyOOE9sebzMjNmQrsnNpDJqd4WHvV/8lfKfUDUg==",
      "dev": true,
      "license": "Apache-2.0",
      "dependencies": {
        "playwright-core": "1.63.0"
      },
      "bin": {
        "playwright": "cli.js"
      },
      "engines": {
        "node": ">=20"
      }
    },
    "node_modules/playwright-core": {
      "version": "1.63.0",
      "resolved": "https://registry.npmjs.org/playwright-core/-/playwright-core-1.63.0.tgz",
      "integrity": "sha512-rYCsBF/M5HjUch52bbtVONEFjv6Xu8sm8h72dNlR5bzIE1fvC/bxgspzkjSfU+MweEMmPM8KJebG6nnyxo5mCg==",
      "dev": true,
      "license": "Apache-2.0",
      "bin": {
        "playwright-core": "cli.js"
      },
      "engines": {
        "node": ">=20"
      }
    }
  }
}
